
Microsoft Visual Studio Solution File, Format Version 12.00
# Visual Studio Version 17
VisualStudioVersion = 17.8.34511.84
MinimumVisualStudioVersion = 10.0.40219.1
Project("{FAE04EC0-301F-11D3-BF4B-00C04F79EFBC}") = "POwB3", "POwB3\POwB3.csproj", "{7D3B03D3-CAD4-4C18-9D66-2D4B5637E771}"
EndProject
Global
	GlobalSection(SolutionConfigurationPlatforms) = preSolution
		Debug|Any CPU = Debug|Any CPU
		Release|Any CPU = Release|Any CPU
	EndGlobalSection
	GlobalSection(ProjectConfigurationPlatforms) = postSolution
		{7D3B03D3-CAD4-4C18-9D66-2D4B5637E771}.Debug|Any CPU.ActiveCfg = Debug|Any CPU
		{7D3B03D3-CAD4-4C18-9D66-2D4B5637E771}.Debug|Any CPU.Build.0 = Debug|Any CPU
		{7D3B03D3-CAD4-4C18-9D66-2D4B5637E771}.Release|Any CPU.ActiveCfg = Release|Any CPU
		{7D3B03D3-CAD4-4C18-9D66-2D4B5637E771}.Release|Any CPU.Build.0 = Release|Any CPU
	EndGlobalSection
	GlobalSection(SolutionProperties) = preSolution
		HideSolutionNode = FALSE
	EndGlobalSection
	GlobalSection(ExtensibilityGlobals) = postSolution
		SolutionGuid = {36979072-90E3-41AF-8012-3804EA788249}
	EndGlobalSection
EndGlobal
